
Microsoft Visual Studio Solution File, Format Version 12.00
# Visual Studio Version 17
VisualStudioVersion = 17.0.31919.166
MinimumVisualStudioVersion = 10.0.40219.1
Project("{9A19103F-16F7-4668-BE54-9A1E7A4F7556}") = "WintersGiveaway", "C:\dev\WintersGiveaway\WintersGiveaway\WintersGiveaway.csproj", "{C742E62E-549D-4C76-8C4F-D120585DE48F}"
EndProject
Project("{FAE04EC0-301F-11D3-BF4B-00C04F79EFBC}") = "WintersGiveaway.Tests", "WintersGiveaway.Tests\WintersGiveaway.Tests.csproj", "{9ED73EDA-D1DB-4A95-84A9-A0D40926E33B}"
EndProject
Global
	GlobalSection(SolutionConfigurationPlatforms) = preSolution
		Debug|Any CPU = Debug|Any CPU
		Release|Any CPU = Release|Any CPU
	EndGlobalSection
	GlobalSection(ProjectConfigurationPlatforms) = postSolution
		{C742E62E-549D-4C76-8C4F-D120585DE48F}.Debug|Any CPU.ActiveCfg = Debug|Any CPU
		{C742E62E-549D-4C76-8C4F-D120585DE48F}.Debug|Any CPU.Build.0 = Debug|Any CPU
		{C742E62E-549D-4C76-8C4F-D120585DE48F}.Release|Any CPU.ActiveCfg = Release|Any CPU
		{C742E62E-549D-4C76-8C4F-D120585DE48F}.Release|Any CPU.Build.0 = Release|Any CPU
		{9ED73EDA-D1DB-4A95-84A9-A0D40926E33B}.Debug|Any CPU.ActiveCfg = Debug|Any CPU
		{9ED73EDA-D1DB-4A95-84A9-A0D40926E33B}.Debug|Any CPU.Build.0 = Debug|Any CPU
		{9ED73EDA-D1DB-4A95-84A9-A0D40926E33B}.Release|Any CPU.ActiveCfg = Release|Any CPU
		{9ED73EDA-D1DB-4A95-84A9-A0D40926E33B}.Release|Any CPU.Build.0 = Release|Any CPU
	EndGlobalSection
	GlobalSection(SolutionProperties) = preSolution
		HideSolutionNode = FALSE
	EndGlobalSection
	GlobalSection(ExtensibilityGlobals) = postSolution
		SolutionGuid = {EA2211CA-349E-4186-8B80-509D65E44405}
	EndGlobalSection
EndGlobal
